
Microsoft Visual Studio Solution File, Format Version 12.00
# Visual Studio Version 17
VisualStudioVersion = 17.5.33414.496
MinimumVisualStudioVersion = 10.0.40219.1
Project("{FAE04EC0-301F-11D3-BF4B-00C04F79EFBC}") = "API", "Acme\API.csproj", "{8DE95A62-1268-45D7-9F05-0F6781478FD7}"
EndProject
Project("{FAE04EC0-301F-11D3-BF4B-00C04F79EFBC}") = "Domain", "Domain\Domain.csproj", "{A8850A1E-25B1-4EE8-BC91-206C4AAD5C80}"
EndProject
Project("{FAE04EC0-301F-11D3-BF4B-00C04F79EFBC}") = "Application", "Application\Application.csproj", "{750A0989-3111-4754-A66C-C6E82BB0E7E3}"
EndProject
Project("{FAE04EC0-301F-11D3-BF4B-00C04F79EFBC}") = "Infrastructure", "In\Infrastructure.csproj", "{75C0AA91-E1E5-43D6-8F6D-F9E2C1A35818}"
EndProject
Project("{FAE04EC0-301F-11D3-BF4B-00C04F79EFBC}") = "Tests", "Tests\Tests.csproj", "{07E1AD29-83F5-4840-86FF-9B3E9E2BC35D}"
EndProject
Project("{2150E333-8FDC-42A3-9474-1A3956D46DE8}") = "Solution Items", "Solution Items", "{4F725271-0675-4FFE-9703-577F668159A3}"
	ProjectSection(SolutionItems) = preProject
		docker-compose.yml = docker-compose.yml
	EndProjectSection
EndProject
Global
	GlobalSection(SolutionConfigurationPlatforms) = preSolution
		Debug|Any CPU = Debug|Any CPU
		Release|Any CPU = Release|Any CPU
	EndGlobalSection
	GlobalSection(ProjectConfigurationPlatforms) = postSolution
		{8DE95A62-1268-45D7-9F05-0F6781478FD7}.Debug|Any CPU.ActiveCfg = Debug|Any CPU
		{8DE95A62-1268-45D7-9F05-0F6781478FD7}.Debug|Any CPU.Build.0 = Debug|Any CPU
		{8DE95A62-1268-45D7-9F05-0F6781478FD7}.Release|Any CPU.ActiveCfg = Release|Any CPU
		{8DE95A62-1268-45D7-9F05-0F6781478FD7}.Release|Any CPU.Build.0 = Release|Any CPU
		{A8850A1E-25B1-4EE8-BC91-206C4AAD5C80}.Debug|Any CPU.ActiveCfg = Debug|Any CPU
		{A8850A1E-25B1-4EE8-BC91-206C4AAD5C80}.Debug|Any CPU.Build.0 = Debug|Any CPU
		{A8850A1E-25B1-4EE8-BC91-206C4AAD5C80}.Release|Any CPU.ActiveCfg = Release|Any CPU
		{A8850A1E-25B1-4EE8-BC91-206C4AAD5C80}.Release|Any CPU.Build.0 = Release|Any CPU
		{750A0989-3111-4754-A66C-C6E82BB0E7E3}.Debug|Any CPU.ActiveCfg = Debug|Any CPU
		{750A0989-3111-4754-A66C-C6E82BB0E7E3}.Debug|Any CPU.Build.0 = Debug|Any CPU
		{750A0989-3111-4754-A66C-C6E82BB0E7E3}.Release|Any CPU.ActiveCfg = Release|Any CPU
		{750A0989-3111-4754-A66C-C6E82BB0E7E3}.Release|Any CPU.Build.0 = Release|Any CPU
		{75C0AA91-E1E5-43D6-8F6D-F9E2C1A35818}.Debug|Any CPU.ActiveCfg = Debug|Any CPU
		{75C0AA91-E1E5-43D6-8F6D-F9E2C1A35818}.Debug|Any CPU.Build.0 = Debug|Any CPU
		{75C0AA91-E1E5-43D6-8F6D-F9E2C1A35818}.Release|Any CPU.ActiveCfg = Release|Any CPU
		{75C0AA91-E1E5-43D6-8F6D-F9E2C1A35818}.Release|Any CPU.Build.0 = Release|Any CPU
		{07E1AD29-83F5-4840-86FF-9B3E9E2BC35D}.Debug|Any CPU.ActiveCfg = Debug|Any CPU
		{07E1AD29-83F5-4840-86FF-9B3E9E2BC35D}.Debug|Any CPU.Build.0 = Debug|Any CPU
		{07E1AD29-83F5-4840-86FF-9B3E9E2BC35D}.Release|Any CPU.ActiveCfg = Release|Any CPU
		{07E1AD29-83F5-4840-86FF-9B3E9E2BC35D}.Release|Any CPU.Build.0 = Release|Any CPU
	EndGlobalSection
	GlobalSection(SolutionProperties) = preSolution
		HideSolutionNode = FALSE
	EndGlobalSection
	GlobalSection(ExtensibilityGlobals) = postSolution
		SolutionGuid = {2DE643B8-ADC1-4D83-8A23-886A19F28E47}
	EndGlobalSection
EndGlobal
